
Microsoft Visual Studio Solution File, Format Version 12.00
# Visual Studio Version 17
VisualStudioVersion = 17.5.002.0
MinimumVisualStudioVersion = 10.0.40219.1
Project("{9A19103F-16F7-4668-BE54-9A1E7A4F7556}") = "linkedListch", "linkedListch.csproj", "{3B363F4A-2AB1-436C-A46E-2433DC1D9585}"
EndProject
Global
	GlobalSection(SolutionConfigurationPlatforms) = preSolution
		Debug|Any CPU = Debug|Any CPU
		Release|Any CPU = Release|Any CPU
	EndGlobalSection
	GlobalSection(ProjectConfigurationPlatforms) = postSolution
		{3B363F4A-2AB1-436C-A46E-2433DC1D9585}.Debug|Any CPU.ActiveCfg = Debug|Any CPU
		{3B363F4A-2AB1-436C-A46E-2433DC1D9585}.Debug|Any CPU.Build.0 = Debug|Any CPU
		{3B363F4A-2AB1-436C-A46E-2433DC1D9585}.Release|Any CPU.ActiveCfg = Release|Any CPU
		{3B363F4A-2AB1-436C-A46E-2433DC1D9585}.Release|Any CPU.Build.0 = Release|Any CPU
	EndGlobalSection
	GlobalSection(SolutionProperties) = preSolution
		HideSolutionNode = FALSE
	EndGlobalSection
	GlobalSection(ExtensibilityGlobals) = postSolution
		SolutionGuid = {C61C1310-2514-4639-9402-5C9BB75D82E9}
	EndGlobalSection
EndGlobal
